
Microsoft Visual Studio Solution File, Format Version 12.00
# Visual Studio Version 17
VisualStudioVersion = 17.8.34525.116
MinimumVisualStudioVersion = 10.0.40219.1
Project("{FAE04EC0-301F-11D3-BF4B-00C04F79EFBC}") = "HelloWorld", "HelloWorld\HelloWorld.csproj", "{74020BBD-C9AE-4750-90FF-8A09F6C442A6}"
EndProject
Global
	GlobalSection(SolutionConfigurationPlatforms) = preSolution
		Debug|Any CPU = Debug|Any CPU
		Release|Any CPU = Release|Any CPU
	EndGlobalSection
	GlobalSection(ProjectConfigurationPlatforms) = postSolution
		{74020BBD-C9AE-4750-90FF-8A09F6C442A6}.Debug|Any CPU.ActiveCfg = Debug|Any CPU
		{74020BBD-C9AE-4750-90FF-8A09F6C442A6}.Debug|Any CPU.Build.0 = Debug|Any CPU
		{74020BBD-C9AE-4750-90FF-8A09F6C442A6}.Release|Any CPU.ActiveCfg = Release|Any CPU
		{74020BBD-C9AE-4750-90FF-8A09F6C442A6}.Release|Any CPU.Build.0 = Release|Any CPU
	EndGlobalSection
	GlobalSection(SolutionProperties) = preSolution
		HideSolutionNode = FALSE
	EndGlobalSection
	GlobalSection(ExtensibilityGlobals) = postSolution
		SolutionGuid = {9A9DB2B5-84D5-471A-8716-6C88BBDA3B3D}
	EndGlobalSection
EndGlobal
