
Microsoft Visual Studio Solution File, Format Version 12.00
# Visual Studio Version 17
VisualStudioVersion = 17.8.34525.116
MinimumVisualStudioVersion = 10.0.40219.1
Project("{FAE04EC0-301F-11D3-BF4B-00C04F79EFBC}") = "Percent", "Percent\Percent.csproj", "{9AE16060-5399-4BA9-9E2D-B69D707D135D}"
EndProject
Global
	GlobalSection(SolutionConfigurationPlatforms) = preSolution
		Debug|Any CPU = Debug|Any CPU
		Release|Any CPU = Release|Any CPU
	EndGlobalSection
	GlobalSection(ProjectConfigurationPlatforms) = postSolution
		{9AE16060-5399-4BA9-9E2D-B69D707D135D}.Debug|Any CPU.ActiveCfg = Debug|Any CPU
		{9AE16060-5399-4BA9-9E2D-B69D707D135D}.Debug|Any CPU.Build.0 = Debug|Any CPU
		{9AE16060-5399-4BA9-9E2D-B69D707D135D}.Release|Any CPU.ActiveCfg = Release|Any CPU
		{9AE16060-5399-4BA9-9E2D-B69D707D135D}.Release|Any CPU.Build.0 = Release|Any CPU
	EndGlobalSection
	GlobalSection(SolutionProperties) = preSolution
		HideSolutionNode = FALSE
	EndGlobalSection
	GlobalSection(ExtensibilityGlobals) = postSolution
		SolutionGuid = {32FB006A-1753-4819-B78D-914452DB9350}
	EndGlobalSection
EndGlobal
